// !$*UTF8*$!
{
	archiveVersion = 1;
	classes = {
	};
	objectVersion = 46;
	objects = {

/* Begin PBXBuildFile section */
		1AB92B791AD5ABA400150036 /* main.m in Sources */ = {isa = PBXBuildFile; fileRef = 1AB92B781AD5ABA400150036 /* main.m */; };
		1AB92B801AD5AECA00150036 /* main 2.m in Sources */ = {isa = PBXBuildFile; fileRef = 1AB92B7F1AD5AECA00150036 /* main 2.m */; };
		1AB92B861AD5B61A00150036 /* main 3.m in Sources */ = {isa = PBXBuildFile; fileRef = 1AB92B851AD5B61A00150036 /* main 3.m */; };
		1AB92B881AD5B9A400150036 /* StaticFunctions.m in Sources */ = {isa = PBXBuildFile; fileRef = 1AB92B871AD5B9A400150036 /* StaticFunctions.m */; };
		1AB92B8A1AD5BB8600150036 /* StaticLocalVariables.m in Sources */ = {isa = PBXBuildFile; fileRef = 1AB92B891AD5BB8600150036 /* StaticLocalVariables.m */; };
		1AB92B8F1AD5BD2A00150036 /* CarUtilities.m in Sources */ = {isa = PBXBuildFile; fileRef = 1AB92B8E1AD5BD2A00150036 /* CarUtilities.m */; };
/* End PBXBuildFile section */

/* Begin PBXCopyFilesBuildPhase section */
		1AB92B731AD5ABA400150036 /* CopyFiles */ = {
			isa = PBXCopyFilesBuildPhase;
			buildActionMask = 2147483647;
			dstPath = /usr/share/man/man1/;
			dstSubfolderSpec = 0;
			files = (
			);
			runOnlyForDeploymentPostprocessing = 1;
		};
/* End PBXCopyFilesBuildPhase section */

/* Begin PBXFileReference section */
		1AB92B751AD5ABA400150036 /* Assignment4 */ = {isa = PBXFileReference; explicitFileType = "compiled.mach-o.executable"; includeInIndex = 0; path = Assignment4; sourceTree = BUILT_PRODUCTS_DIR; };
		1AB92B781AD5ABA400150036 /* main.m */ = {isa = PBXFileReference; lastKnownFileType = sourcecode.c.objc; path = main.m; sourceTree = "<group>"; };
		1AB92B7F1AD5AECA00150036 /* main 2.m */ = {isa = PBXFileReference; fileEncoding = 4; lastKnownFileType = sourcecode.c.objc; path = "main 2.m"; sourceTree = "<group>"; };
		1AB92B851AD5B61A00150036 /* main 3.m */ = {isa = PBXFileReference; fileEncoding = 4; lastKnownFileType = sourcecode.c.objc; path = "main 3.m"; sourceTree = "<group>"; };
		1AB92B871AD5B9A400150036 /* StaticFunctions.m */ = {isa = PBXFileReference; fileEncoding = 4; lastKnownFileType = sourcecode.c.objc; path = StaticFunctions.m; sourceTree = "<group>"; };
		1AB92B891AD5BB8600150036 /* StaticLocalVariables.m */ = {isa = PBXFileReference; fileEncoding = 4; lastKnownFileType = sourcecode.c.objc; path = StaticLocalVariables.m; sourceTree = "<group>"; };
		1AB92B8D1AD5BCCE00150036 /* CarUtilities.h */ = {isa = PBXFileReference; lastKnownFileType = sourcecode.c.h; path = CarUtilities.h; sourceTree = "<group>"; };
		1AB92B8E1AD5BD2A00150036 /* CarUtilities.m */ = {isa = PBXFileReference; fileEncoding = 4; lastKnownFileType = sourcecode.c.objc; path = CarUtilities.m; sourceTree = "<group>"; };
/* End PBXFileReference section */

/* Begin PBXFrameworksBuildPhase section */
		1AB92B721AD5ABA400150036 /* Frameworks */ = {
			isa = PBXFrameworksBuildPhase;
			buildActionMask = 2147483647;
			files = (
			);
			runOnlyForDeploymentPostprocessing = 0;
		};
/* End PBXFrameworksBuildPhase section */

/* Begin PBXGroup section */
		1AB92B6C1AD5ABA400150036 = {
			isa = PBXGroup;
			children = (
				1AB92B771AD5ABA400150036 /* Assignment4 */,
				1AB92B761AD5ABA400150036 /* Products */,
			);
			sourceTree = "<group>";
		};
		1AB92B761AD5ABA400150036 /* Products */ = {
			isa = PBXGroup;
			children = (
				1AB92B751AD5ABA400150036 /* Assignment4 */,
			);
			name = Products;
			sourceTree = "<group>";
		};
		1AB92B771AD5ABA400150036 /* Assignment4 */ = {
			isa = PBXGroup;
			children = (
				1AB92B781AD5ABA400150036 /* main.m */,
				1AB92B7F1AD5AECA00150036 /* main 2.m */,
				1AB92B851AD5B61A00150036 /* main 3.m */,
				1AB92B871AD5B9A400150036 /* StaticFunctions.m */,
				1AB92B891AD5BB8600150036 /* StaticLocalVariables.m */,
				1AB92B8D1AD5BCCE00150036 /* CarUtilities.h */,
				1AB92B8E1AD5BD2A00150036 /* CarUtilities.m */,
			);
			path = Assignment4;
			sourceTree = "<group>";
		};
/* End PBXGroup section */

/* Begin PBXNativeTarget section */
		1AB92B741AD5ABA400150036 /* Assignment4 */ = {
			isa = PBXNativeTarget;
			buildConfigurationList = 1AB92B7C1AD5ABA400150036 /* Build configuration list for PBXNativeTarget "Assignment4" */;
			buildPhases = (
				1AB92B711AD5ABA400150036 /* Sources */,
				1AB92B721AD5ABA400150036 /* Frameworks */,
				1AB92B731AD5ABA400150036 /* CopyFiles */,
			);
			buildRules = (
			);
			dependencies = (
			);
			name = Assignment4;
			productName = Assignment4;
			productReference = 1AB92B751AD5ABA400150036 /* Assignment4 */;
			productType = "com.apple.product-type.tool";
		};
/* End PBXNativeTarget section */

/* Begin PBXProject section */
		1AB92B6D1AD5ABA400150036 /* Project object */ = {
			isa = PBXProject;
			attributes = {
				LastUpgradeCheck = 0620;
				ORGANIZATIONNAME = "Yung Dai";
				TargetAttributes = {
					1AB92B741AD5ABA400150036 = {
						CreatedOnToolsVersion = 6.2;
					};
				};
			};
			buildConfigurationList = 1AB92B701AD5ABA400150036 /* Build configuration list for PBXProject "Assignment4" */;
			compatibilityVersion = "Xcode 3.2";
			developmentRegion = English;
			hasScannedForEncodings = 0;
			knownRegions = (
				en,
			);
			mainGroup = 1AB92B6C1AD5ABA400150036;
			productRefGroup = 1AB92B761AD5ABA400150036 /* Products */;
			projectDirPath = "";
			projectRoot = "";
			targets = (
				1AB92B741AD5ABA400150036 /* Assignment4 */,
			);
		};
/* End PBXProject section */

/* Begin PBXSourcesBuildPhase section */
		1AB92B711AD5ABA400150036 /* Sources */ = {
			isa = PBXSourcesBuildPhase;
			buildActionMask = 2147483647;
			files = (
				1AB92B861AD5B61A00150036 /* main 3.m in Sources */,
				1AB92B8F1AD5BD2A00150036 /* CarUtilities.m in Sources */,
				1AB92B881AD5B9A400150036 /* StaticFunctions.m in Sources */,
				1AB92B801AD5AECA00150036 /* main 2.m in Sources */,
				1AB92B791AD5ABA400150036 /* main.m in Sources */,
				1AB92B8A1AD5BB8600150036 /* StaticLocalVariables.m in Sources */,
			);
			runOnlyForDeploymentPostprocessing = 0;
		};
/* End PBXSourcesBuildPhase section */

/* Begin XCBuildConfiguration section */
		1AB92B7A1AD5ABA400150036 /* Debug */ = {
			isa = XCBuildConfiguration;
			buildSettings = {
				ALWAYS_SEARCH_USER_PATHS = NO;
				CLANG_CXX_LANGUAGE_STANDARD = "gnu++0x";
				CLANG_CXX_LIBRARY = "libc++";
				CLANG_ENABLE_MODULES = YES;
				CLANG_ENABLE_OBJC_ARC = YES;
				CLANG_WARN_BOOL_CONVERSION = YES;
				CLANG_WARN_CONSTANT_CONVERSION = YES;
				CLANG_WARN_DIRECT_OBJC_ISA_USAGE = YES_ERROR;
				CLANG_WARN_EMPTY_BODY = YES;
				CLANG_WARN_ENUM_CONVERSION = YES;
				CLANG_WARN_INT_CONVERSION = YES;
				CLANG_WARN_OBJC_ROOT_CLASS = YES_ERROR;
				CLANG_WARN_UNREACHABLE_CODE = YES;
				CLANG_WARN__DUPLICATE_METHOD_MATCH = YES;
				COPY_PHASE_STRIP = NO;
				ENABLE_STRICT_OBJC_MSGSEND = YES;
				GCC_C_LANGUAGE_STANDARD = gnu99;
				GCC_DYNAMIC_NO_PIC = NO;
				GCC_OPTIMIZATION_LEVEL = 0;
				GCC_PREPROCESSOR_DEFINITIONS = (
					"DEBUG=1",
					"$(inherited)",
				);
				GCC_SYMBOLS_PRIVATE_EXTERN = NO;
				GCC_WARN_64_TO_32_BIT_CONVERSION = YES;
				GCC_WARN_ABOUT_RETURN_TYPE = YES_ERROR;
				GCC_WARN_UNDECLARED_SELECTOR = YES;
				GCC_WARN_UNINITIALIZED_AUTOS = YES_AGGRESSIVE;
				GCC_WARN_UNUSED_FUNCTION = YES;
				GCC_WARN_UNUSED_VARIABLE = YES;
				MACOSX_DEPLOYMENT_TARGET = 10.10;
				MTL_ENABLE_DEBUG_INFO = YES;
				ONLY_ACTIVE_ARCH = YES;
				SDKROOT = macosx;
			};
			name = Debug;
		};
		1AB92B7B1AD5ABA400150036 /* Release */ = {
			isa = XCBuildConfiguration;
			buildSettings = {
				ALWAYS_SEARCH_USER_PATHS = NO;
				CLANG_CXX_LANGUAGE_STANDARD = "gnu++0x";
				CLANG_CXX_LIBRARY = "libc++";
				CLANG_ENABLE_MODULES = YES;
				CLANG_ENABLE_OBJC_ARC = YES;
				CLANG_WARN_BOOL_CONVERSION = YES;
				CLANG_WARN_CONSTANT_CONVERSION = YES;
				CLANG_WARN_DIRECT_OBJC_ISA_USAGE = YES_ERROR;
				CLANG_WARN_EMPTY_BODY = YES;
				CLANG_WARN_ENUM_CONVERSION = YES;
				CLANG_WARN_INT_CONVERSION = YES;
				CLANG_WARN_OBJC_ROOT_CLASS = YES_ERROR;
				CLANG_WARN_UNREACHABLE_CODE = YES;
				CLANG_WARN__DUPLICATE_METHOD_MATCH = YES;
				COPY_PHASE_STRIP = NO;
				DEBUG_INFORMATION_FORMAT = "dwarf-with-dsym";
				ENABLE_NS_ASSERTIONS = NO;
				ENABLE_STRICT_OBJC_MSGSEND = YES;
				GCC_C_LANGUAGE_STANDARD = gnu99;
				GCC_WARN_64_TO_32_BIT_CONVERSION = YES;
				GCC_WARN_ABOUT_RETURN_TYPE = YES_ERROR;
				GCC_WARN_UNDECLARED_SELECTOR = YES;
				GCC_WARN_UNINITIALIZED_AUTOS = YES_AGGRESSIVE;
				GCC_WARN_UNUSED_FUNCTION = YES;
				GCC_WARN_UNUSED_VARIABLE = YES;
				MACOSX_DEPLOYMENT_TARGET = 10.10;
				MTL_ENABLE_DEBUG_INFO = NO;
				SDKROOT = macosx;
			};
			name = Release;
		};
		1AB92B7D1AD5ABA400150036 /* Debug */ = {
			isa = XCBuildConfiguration;
			buildSettings = {
				PRODUCT_NAME = "$(TARGET_NAME)";
			};
			name = Debug;
		};
		1AB92B7E1AD5ABA400150036 /* Release */ = {
			isa = XCBuildConfiguration;
			buildSettings = {
				PRODUCT_NAME = "$(TARGET_NAME)";
			};
			name = Release;
		};
/* End XCBuildConfiguration section */

/* Begin XCConfigurationList section */
		1AB92B701AD5ABA400150036 /* Build configuration list for PBXProject "Assignment4" */ = {
			isa = XCConfigurationList;
			buildConfigurations = (
				1AB92B7A1AD5ABA400150036 /* Debug */,
				1AB92B7B1AD5ABA400150036 /* Release */,
			);
			defaultConfigurationIsVisible = 0;
			defaultConfigurationName = Release;
		};
		1AB92B7C1AD5ABA400150036 /* Build configuration list for PBXNativeTarget "Assignment4" */ = {
			isa = XCConfigurationList;
			buildConfigurations = (
				1AB92B7D1AD5ABA400150036 /* Debug */,
				1AB92B7E1AD5ABA400150036 /* Release */,
			);
			defaultConfigurationIsVisible = 0;
			defaultConfigurationName = Release;
		};
/* End XCConfigurationList section */
	};
	rootObject = 1AB92B6D1AD5ABA400150036 /* Project object */;
}
